{
  "version": "3",
  "packages": {
    "specifiers": {
      "jsr:@hono/hono": "jsr:@hono/hono@4.4.11",
      "jsr:@hono/hono@^4.4.7": "jsr:@hono/hono@4.4.11",
      "npm:@types/node": "npm:@types/node@18.16.19"
    },
    "jsr": {
      "@hono/hono@4.4.11": {
        "integrity": "9a739ef99e0b9c5ecb1b25dc8dc4f928cb34d1a6cfdca29a1637db9cbbd660cd"
      }
    },
    "npm": {
      "@types/node@18.16.19": {
        "integrity": "sha512-IXl7o+R9iti9eBW4Wg2hx1xQDig183jj7YLn8F7udNceyfkbn1ZxmzZXuak20gR40D7pIkIY1kYGx5VIGbaHKA==",
        "dependencies": {}
      }
    }
  },
  "remote": {},
  "workspace": {
    "dependencies": [
      "jsr:@hono/hono@^4.4.7",
      "npm:hono-rate-limiter@^0.3.0",
      "npm:jsonwebtoken@^9.0.2",
      "npm:mongoose@^8.4.3"
    ]
  }
}
